
Microsoft Visual Studio Solution File, Format Version 12.00
# Visual Studio 15
VisualStudioVersion = 15.0.28307.757
MinimumVisualStudioVersion = 10.0.40219.1
Project("{FAE04EC0-301F-11D3-BF4B-00C04F79EFBC}") = "协议内容生成工具", "协议内容生成工具\协议内容生成工具.csproj", "{115140E4-27A5-4CC6-BC46-27BAFEC877F4}"
EndProject
Global
	GlobalSection(SolutionConfigurationPlatforms) = preSolution
		Debug|Any CPU = Debug|Any CPU
		Release|Any CPU = Release|Any CPU
	EndGlobalSection
	GlobalSection(ProjectConfigurationPlatforms) = postSolution
		{115140E4-27A5-4CC6-BC46-27BAFEC877F4}.Debug|Any CPU.ActiveCfg = Debug|Any CPU
		{115140E4-27A5-4CC6-BC46-27BAFEC877F4}.Debug|Any CPU.Build.0 = Debug|Any CPU
		{115140E4-27A5-4CC6-BC46-27BAFEC877F4}.Release|Any CPU.ActiveCfg = Release|Any CPU
		{115140E4-27A5-4CC6-BC46-27BAFEC877F4}.Release|Any CPU.Build.0 = Release|Any CPU
	EndGlobalSection
	GlobalSection(SolutionProperties) = preSolution
		HideSolutionNode = FALSE
	EndGlobalSection
	GlobalSection(ExtensibilityGlobals) = postSolution
		SolutionGuid = {69F33E64-9D20-499E-8317-D11770F9DAFA}
	EndGlobalSection
EndGlobal
