
Microsoft Visual Studio Solution File, Format Version 12.00
# Visual Studio Version 16
VisualStudioVersion = 16.0.32413.511
MinimumVisualStudioVersion = 10.0.40219.1
Project("{FAE04EC0-301F-11D3-BF4B-00C04F79EFBC}") = "ZCSharpLib", "..\ZCSharpLib\ZCSharpLib.csproj", "{8F1A7955-DD03-40E3-97C5-0B6EC3E0D264}"
EndProject
Project("{FAE04EC0-301F-11D3-BF4B-00C04F79EFBC}") = "UnityLib", "..\UnityLib\UnityLib.csproj", "{CAA0327B-347A-47DB-A0EE-1B9F4D18237F}"
EndProject
Global
	GlobalSection(SolutionConfigurationPlatforms) = preSolution
		Debug|Any CPU = Debug|Any CPU
		Release|Any CPU = Release|Any CPU
	EndGlobalSection
	GlobalSection(ProjectConfigurationPlatforms) = postSolution
		{8F1A7955-DD03-40E3-97C5-0B6EC3E0D264}.Debug|Any CPU.ActiveCfg = Debug|Any CPU
		{8F1A7955-DD03-40E3-97C5-0B6EC3E0D264}.Debug|Any CPU.Build.0 = Debug|Any CPU
		{8F1A7955-DD03-40E3-97C5-0B6EC3E0D264}.Release|Any CPU.ActiveCfg = Release|Any CPU
		{8F1A7955-DD03-40E3-97C5-0B6EC3E0D264}.Release|Any CPU.Build.0 = Release|Any CPU
		{CAA0327B-347A-47DB-A0EE-1B9F4D18237F}.Debug|Any CPU.ActiveCfg = Debug|Any CPU
		{CAA0327B-347A-47DB-A0EE-1B9F4D18237F}.Debug|Any CPU.Build.0 = Debug|Any CPU
		{CAA0327B-347A-47DB-A0EE-1B9F4D18237F}.Release|Any CPU.ActiveCfg = Release|Any CPU
		{CAA0327B-347A-47DB-A0EE-1B9F4D18237F}.Release|Any CPU.Build.0 = Release|Any CPU
	EndGlobalSection
	GlobalSection(SolutionProperties) = preSolution
		HideSolutionNode = FALSE
	EndGlobalSection
	GlobalSection(ExtensibilityGlobals) = postSolution
		SolutionGuid = {4078AC22-2AA7-4C31-A25F-EB37AE28ED8C}
	EndGlobalSection
EndGlobal
