
Microsoft Visual Studio Solution File, Format Version 12.00
# Visual Studio 15
VisualStudioVersion = 15.0.28307.438
MinimumVisualStudioVersion = 10.0.40219.1
Project("{FAE04EC0-301F-11D3-BF4B-00C04F79EFBC}") = "PipelineUDP-SERVER", "PipelineUDP-SERVER\PipelineUDP-SERVER.csproj", "{EBF16C74-EE55-461D-B902-A33AFB95B35F}"
EndProject
Project("{FAE04EC0-301F-11D3-BF4B-00C04F79EFBC}") = "PipelineUDP", "..\..\PipelineUDP\PipelineUDP\PipelineUDP.csproj", "{724FDBB2-3A99-4BDB-A24A-DBA810779055}"
EndProject
Global
	GlobalSection(SolutionConfigurationPlatforms) = preSolution
		Debug|Any CPU = Debug|Any CPU
		Release|Any CPU = Release|Any CPU
	EndGlobalSection
	GlobalSection(ProjectConfigurationPlatforms) = postSolution
		{EBF16C74-EE55-461D-B902-A33AFB95B35F}.Debug|Any CPU.ActiveCfg = Debug|Any CPU
		{EBF16C74-EE55-461D-B902-A33AFB95B35F}.Debug|Any CPU.Build.0 = Debug|Any CPU
		{EBF16C74-EE55-461D-B902-A33AFB95B35F}.Release|Any CPU.ActiveCfg = Release|Any CPU
		{EBF16C74-EE55-461D-B902-A33AFB95B35F}.Release|Any CPU.Build.0 = Release|Any CPU
		{724FDBB2-3A99-4BDB-A24A-DBA810779055}.Debug|Any CPU.ActiveCfg = Debug|Any CPU
		{724FDBB2-3A99-4BDB-A24A-DBA810779055}.Debug|Any CPU.Build.0 = Debug|Any CPU
		{724FDBB2-3A99-4BDB-A24A-DBA810779055}.Release|Any CPU.ActiveCfg = Release|Any CPU
		{724FDBB2-3A99-4BDB-A24A-DBA810779055}.Release|Any CPU.Build.0 = Release|Any CPU
	EndGlobalSection
	GlobalSection(SolutionProperties) = preSolution
		HideSolutionNode = FALSE
	EndGlobalSection
	GlobalSection(ExtensibilityGlobals) = postSolution
		SolutionGuid = {6265684F-EBE8-461E-83D2-43DA27AA8231}
	EndGlobalSection
EndGlobal
